// !$*UTF8*$!
{
	archiveVersion = 1;
	classes = {
	};
	objectVersion = 55;
	objects = {

/* Begin PBXBuildFile section */
		658D21AE13F9FD115BC3E013 /* Pods_Moviesta.framework in Frameworks */ = {isa = PBXBuildFile; fileRef = BC32F4C78663E6F491B24BF9 /* Pods_Moviesta.framework */; };
		DFAFEE9F279C1DA0007B946F /* AppDelegate.swift in Sources */ = {isa = PBXBuildFile; fileRef = DFAFEE9E279C1DA0007B946F /* AppDelegate.swift */; };
		DFAFEEA1279C1DA0007B946F /* SceneDelegate.swift in Sources */ = {isa = PBXBuildFile; fileRef = DFAFEEA0279C1DA0007B946F /* SceneDelegate.swift */; };
		DFAFEEA8279C1DA4007B946F /* Assets.xcassets in Resources */ = {isa = PBXBuildFile; fileRef = DFAFEEA7279C1DA4007B946F /* Assets.xcassets */; };
		DFAFEEAB279C1DA4007B946F /* LaunchScreen.storyboard in Resources */ = {isa = PBXBuildFile; fileRef = DFAFEEA9279C1DA4007B946F /* LaunchScreen.storyboard */; };
		DFAFEEBC279C1F24007B946F /* HomeMoviesController.swift in Sources */ = {isa = PBXBuildFile; fileRef = DFAFEEBA279C1F24007B946F /* HomeMoviesController.swift */; };
		DFAFEEBD279C1F24007B946F /* HomeMoviesController.xib in Resources */ = {isa = PBXBuildFile; fileRef = DFAFEEBB279C1F24007B946F /* HomeMoviesController.xib */; };
		DFAFEEC0279C227B007B946F /* AppColor.swift in Sources */ = {isa = PBXBuildFile; fileRef = DFAFEEBF279C227B007B946F /* AppColor.swift */; };
		DFAFEEC4279C290D007B946F /* MenuCollectionViewCell.swift in Sources */ = {isa = PBXBuildFile; fileRef = DFAFEEC2279C290D007B946F /* MenuCollectionViewCell.swift */; };
		DFAFEEC5279C290D007B946F /* MenuCollectionViewCell.xib in Resources */ = {isa = PBXBuildFile; fileRef = DFAFEEC3279C290D007B946F /* MenuCollectionViewCell.xib */; };
		DFAFEEC7279C4809007B946F /* HomeViewModel.swift in Sources */ = {isa = PBXBuildFile; fileRef = DFAFEEC6279C4809007B946F /* HomeViewModel.swift */; };
/* End PBXBuildFile section */

/* Begin PBXFileReference section */
		BC32F4C78663E6F491B24BF9 /* Pods_Moviesta.framework */ = {isa = PBXFileReference; explicitFileType = wrapper.framework; includeInIndex = 0; path = Pods_Moviesta.framework; sourceTree = BUILT_PRODUCTS_DIR; };
		CB82D26987E9E3296815D13E /* Pods-Moviesta.debug.xcconfig */ = {isa = PBXFileReference; includeInIndex = 1; lastKnownFileType = text.xcconfig; name = "Pods-Moviesta.debug.xcconfig"; path = "Target Support Files/Pods-Moviesta/Pods-Moviesta.debug.xcconfig"; sourceTree = "<group>"; };
		DFAFEE9B279C1DA0007B946F /* Moviesta.app */ = {isa = PBXFileReference; explicitFileType = wrapper.application; includeInIndex = 0; path = Moviesta.app; sourceTree = BUILT_PRODUCTS_DIR; };
		DFAFEE9E279C1DA0007B946F /* AppDelegate.swift */ = {isa = PBXFileReference; lastKnownFileType = sourcecode.swift; path = AppDelegate.swift; sourceTree = "<group>"; };
		DFAFEEA0279C1DA0007B946F /* SceneDelegate.swift */ = {isa = PBXFileReference; lastKnownFileType = sourcecode.swift; path = SceneDelegate.swift; sourceTree = "<group>"; };
		DFAFEEA7279C1DA4007B946F /* Assets.xcassets */ = {isa = PBXFileReference; lastKnownFileType = folder.assetcatalog; path = Assets.xcassets; sourceTree = "<group>"; };
		DFAFEEAA279C1DA4007B946F /* Base */ = {isa = PBXFileReference; lastKnownFileType = file.storyboard; name = Base; path = Base.lproj/LaunchScreen.storyboard; sourceTree = "<group>"; };
		DFAFEEAC279C1DA4007B946F /* Info.plist */ = {isa = PBXFileReference; lastKnownFileType = text.plist.xml; path = Info.plist; sourceTree = "<group>"; };
		DFAFEEBA279C1F24007B946F /* HomeMoviesController.swift */ = {isa = PBXFileReference; lastKnownFileType = sourcecode.swift; path = HomeMoviesController.swift; sourceTree = "<group>"; };
		DFAFEEBB279C1F24007B946F /* HomeMoviesController.xib */ = {isa = PBXFileReference; lastKnownFileType = file.xib; path = HomeMoviesController.xib; sourceTree = "<group>"; };
		DFAFEEBF279C227B007B946F /* AppColor.swift */ = {isa = PBXFileReference; lastKnownFileType = sourcecode.swift; path = AppColor.swift; sourceTree = "<group>"; };
		DFAFEEC2279C290D007B946F /* MenuCollectionViewCell.swift */ = {isa = PBXFileReference; lastKnownFileType = sourcecode.swift; path = MenuCollectionViewCell.swift; sourceTree = "<group>"; };
		DFAFEEC3279C290D007B946F /* MenuCollectionViewCell.xib */ = {isa = PBXFileReference; lastKnownFileType = file.xib; path = MenuCollectionViewCell.xib; sourceTree = "<group>"; };
		DFAFEEC6279C4809007B946F /* HomeViewModel.swift */ = {isa = PBXFileReference; lastKnownFileType = sourcecode.swift; path = HomeViewModel.swift; sourceTree = "<group>"; };
		E197ABD480F43A3B3C1A30A9 /* Pods-Moviesta.release.xcconfig */ = {isa = PBXFileReference; includeInIndex = 1; lastKnownFileType = text.xcconfig; name = "Pods-Moviesta.release.xcconfig"; path = "Target Support Files/Pods-Moviesta/Pods-Moviesta.release.xcconfig"; sourceTree = "<group>"; };
/* End PBXFileReference section */

/* Begin PBXFrameworksBuildPhase section */
		DFAFEE98279C1DA0007B946F /* Frameworks */ = {
			isa = PBXFrameworksBuildPhase;
			buildActionMask = 2147483647;
			files = (
				658D21AE13F9FD115BC3E013 /* Pods_Moviesta.framework in Frameworks */,
			);
			runOnlyForDeploymentPostprocessing = 0;
		};
/* End PBXFrameworksBuildPhase section */

/* Begin PBXGroup section */
		C6FF8650B1A9860EAF8173EB /* Frameworks */ = {
			isa = PBXGroup;
			children = (
				BC32F4C78663E6F491B24BF9 /* Pods_Moviesta.framework */,
			);
			name = Frameworks;
			sourceTree = "<group>";
		};
		DFAFEE92279C1D9F007B946F = {
			isa = PBXGroup;
			children = (
				DFAFEE9D279C1DA0007B946F /* Moviesta */,
				DFAFEE9C279C1DA0007B946F /* Products */,
				F1875903D30CAE78CCE5529C /* Pods */,
				C6FF8650B1A9860EAF8173EB /* Frameworks */,
			);
			sourceTree = "<group>";
		};
		DFAFEE9C279C1DA0007B946F /* Products */ = {
			isa = PBXGroup;
			children = (
				DFAFEE9B279C1DA0007B946F /* Moviesta.app */,
			);
			name = Products;
			sourceTree = "<group>";
		};
		DFAFEE9D279C1DA0007B946F /* Moviesta */ = {
			isa = PBXGroup;
			children = (
				DFAFEEB2279C1DC3007B946F /* Core */,
				DFAFEEB4279C1E00007B946F /* Scenes */,
				DFAFEEBE279C225D007B946F /* HelperFile */,
				DFAFEEB3279C1DEC007B946F /* SupportFiles */,
				DFAFEEAC279C1DA4007B946F /* Info.plist */,
			);
			path = Moviesta;
			sourceTree = "<group>";
		};
		DFAFEEB2279C1DC3007B946F /* Core */ = {
			isa = PBXGroup;
			children = (
				DFAFEE9E279C1DA0007B946F /* AppDelegate.swift */,
				DFAFEEA0279C1DA0007B946F /* SceneDelegate.swift */,
			);
			path = Core;
			sourceTree = "<group>";
		};
		DFAFEEB3279C1DEC007B946F /* SupportFiles */ = {
			isa = PBXGroup;
			children = (
				DFAFEEA7279C1DA4007B946F /* Assets.xcassets */,
				DFAFEEA9279C1DA4007B946F /* LaunchScreen.storyboard */,
			);
			path = SupportFiles;
			sourceTree = "<group>";
		};
		DFAFEEB4279C1E00007B946F /* Scenes */ = {
			isa = PBXGroup;
			children = (
				DFAFEEB5279C1EBA007B946F /* HomeMoviesScreen */,
			);
			path = Scenes;
			sourceTree = "<group>";
		};
		DFAFEEB5279C1EBA007B946F /* HomeMoviesScreen */ = {
			isa = PBXGroup;
			children = (
				DFAFEEB6279C1ECF007B946F /* Model */,
				DFAFEEB7279C1EE1007B946F /* View */,
				DFAFEEB8279C1EF2007B946F /* ViewModel */,
			);
			path = HomeMoviesScreen;
			sourceTree = "<group>";
		};
		DFAFEEB6279C1ECF007B946F /* Model */ = {
			isa = PBXGroup;
			children = (
			);
			path = Model;
			sourceTree = "<group>";
		};
		DFAFEEB7279C1EE1007B946F /* View */ = {
			isa = PBXGroup;
			children = (
				DFAFEEC1279C28D3007B946F /* MenuCollectionViewCell */,
			);
			path = View;
			sourceTree = "<group>";
		};
		DFAFEEB8279C1EF2007B946F /* ViewModel */ = {
			isa = PBXGroup;
			children = (
				DFAFEEB9279C1EFF007B946F /* Controller */,
				DFAFEEC6279C4809007B946F /* HomeViewModel.swift */,
			);
			path = ViewModel;
			sourceTree = "<group>";
		};
		DFAFEEB9279C1EFF007B946F /* Controller */ = {
			isa = PBXGroup;
			children = (
				DFAFEEBA279C1F24007B946F /* HomeMoviesController.swift */,
				DFAFEEBB279C1F24007B946F /* HomeMoviesController.xib */,
			);
			path = Controller;
			sourceTree = "<group>";
		};
		DFAFEEBE279C225D007B946F /* HelperFile */ = {
			isa = PBXGroup;
			children = (
				DFAFEEBF279C227B007B946F /* AppColor.swift */,
			);
			name = HelperFile;
			sourceTree = "<group>";
		};
		DFAFEEC1279C28D3007B946F /* MenuCollectionViewCell */ = {
			isa = PBXGroup;
			children = (
				DFAFEEC2279C290D007B946F /* MenuCollectionViewCell.swift */,
				DFAFEEC3279C290D007B946F /* MenuCollectionViewCell.xib */,
			);
			path = MenuCollectionViewCell;
			sourceTree = "<group>";
		};
		F1875903D30CAE78CCE5529C /* Pods */ = {
			isa = PBXGroup;
			children = (
				CB82D26987E9E3296815D13E /* Pods-Moviesta.debug.xcconfig */,
				E197ABD480F43A3B3C1A30A9 /* Pods-Moviesta.release.xcconfig */,
			);
			path = Pods;
			sourceTree = "<group>";
		};
/* End PBXGroup section */

/* Begin PBXNativeTarget section */
		DFAFEE9A279C1DA0007B946F /* Moviesta */ = {
			isa = PBXNativeTarget;
			buildConfigurationList = DFAFEEAF279C1DA4007B946F /* Build configuration list for PBXNativeTarget "Moviesta" */;
			buildPhases = (
				C0574EF8FC322B0DEB1B656C /* [CP] Check Pods Manifest.lock */,
				DFAFEE97279C1DA0007B946F /* Sources */,
				DFAFEE98279C1DA0007B946F /* Frameworks */,
				DFAFEE99279C1DA0007B946F /* Resources */,
				3437A561B8D5A19BB5BE7537 /* [CP] Embed Pods Frameworks */,
			);
			buildRules = (
			);
			dependencies = (
			);
			name = Moviesta;
			productName = Moviesta;
			productReference = DFAFEE9B279C1DA0007B946F /* Moviesta.app */;
			productType = "com.apple.product-type.application";
		};
/* End PBXNativeTarget section */

/* Begin PBXProject section */
		DFAFEE93279C1D9F007B946F /* Project object */ = {
			isa = PBXProject;
			attributes = {
				BuildIndependentTargetsInParallel = 1;
				LastSwiftUpdateCheck = 1310;
				LastUpgradeCheck = 1310;
				TargetAttributes = {
					DFAFEE9A279C1DA0007B946F = {
						CreatedOnToolsVersion = 13.1;
					};
				};
			};
			buildConfigurationList = DFAFEE96279C1D9F007B946F /* Build configuration list for PBXProject "Moviesta" */;
			compatibilityVersion = "Xcode 13.0";
			developmentRegion = en;
			hasScannedForEncodings = 0;
			knownRegions = (
				en,
				Base,
			);
			mainGroup = DFAFEE92279C1D9F007B946F;
			productRefGroup = DFAFEE9C279C1DA0007B946F /* Products */;
			projectDirPath = "";
			projectRoot = "";
			targets = (
				DFAFEE9A279C1DA0007B946F /* Moviesta */,
			);
		};
/* End PBXProject section */

/* Begin PBXResourcesBuildPhase section */
		DFAFEE99279C1DA0007B946F /* Resources */ = {
			isa = PBXResourcesBuildPhase;
			buildActionMask = 2147483647;
			files = (
				DFAFEEAB279C1DA4007B946F /* LaunchScreen.storyboard in Resources */,
				DFAFEEBD279C1F24007B946F /* HomeMoviesController.xib in Resources */,
				DFAFEEA8279C1DA4007B946F /* Assets.xcassets in Resources */,
				DFAFEEC5279C290D007B946F /* MenuCollectionViewCell.xib in Resources */,
			);
			runOnlyForDeploymentPostprocessing = 0;
		};
/* End PBXResourcesBuildPhase section */

/* Begin PBXShellScriptBuildPhase section */
		3437A561B8D5A19BB5BE7537 /* [CP] Embed Pods Frameworks */ = {
			isa = PBXShellScriptBuildPhase;
			buildActionMask = 2147483647;
			files = (
			);
			inputFileListPaths = (
				"${PODS_ROOT}/Target Support Files/Pods-Moviesta/Pods-Moviesta-frameworks-${CONFIGURATION}-input-files.xcfilelist",
			);
			name = "[CP] Embed Pods Frameworks";
			outputFileListPaths = (
				"${PODS_ROOT}/Target Support Files/Pods-Moviesta/Pods-Moviesta-frameworks-${CONFIGURATION}-output-files.xcfilelist",
			);
			runOnlyForDeploymentPostprocessing = 0;
			shellPath = /bin/sh;
			shellScript = "\"${PODS_ROOT}/Target Support Files/Pods-Moviesta/Pods-Moviesta-frameworks.sh\"\n";
			showEnvVarsInLog = 0;
		};
		C0574EF8FC322B0DEB1B656C /* [CP] Check Pods Manifest.lock */ = {
			isa = PBXShellScriptBuildPhase;
			buildActionMask = 2147483647;
			files = (
			);
			inputFileListPaths = (
			);
			inputPaths = (
				"${PODS_PODFILE_DIR_PATH}/Podfile.lock",
				"${PODS_ROOT}/Manifest.lock",
			);
			name = "[CP] Check Pods Manifest.lock";
			outputFileListPaths = (
			);
			outputPaths = (
				"$(DERIVED_FILE_DIR)/Pods-Moviesta-checkManifestLockResult.txt",
			);
			runOnlyForDeploymentPostprocessing = 0;
			shellPath = /bin/sh;
			shellScript = "diff \"${PODS_PODFILE_DIR_PATH}/Podfile.lock\" \"${PODS_ROOT}/Manifest.lock\" > /dev/null\nif [ $? != 0 ] ; then\n    # print error to STDERR\n    echo \"error: The sandbox is not in sync with the Podfile.lock. Run 'pod install' or update your CocoaPods installation.\" >&2\n    exit 1\nfi\n# This output is used by Xcode 'outputs' to avoid re-running this script phase.\necho \"SUCCESS\" > \"${SCRIPT_OUTPUT_FILE_0}\"\n";
			showEnvVarsInLog = 0;
		};
/* End PBXShellScriptBuildPhase section */

/* Begin PBXSourcesBuildPhase section */
		DFAFEE97279C1DA0007B946F /* Sources */ = {
			isa = PBXSourcesBuildPhase;
			buildActionMask = 2147483647;
			files = (
				DFAFEEBC279C1F24007B946F /* HomeMoviesController.swift in Sources */,
				DFAFEEC7279C4809007B946F /* HomeViewModel.swift in Sources */,
				DFAFEEC0279C227B007B946F /* AppColor.swift in Sources */,
				DFAFEE9F279C1DA0007B946F /* AppDelegate.swift in Sources */,
				DFAFEEA1279C1DA0007B946F /* SceneDelegate.swift in Sources */,
				DFAFEEC4279C290D007B946F /* MenuCollectionViewCell.swift in Sources */,
			);
			runOnlyForDeploymentPostprocessing = 0;
		};
/* End PBXSourcesBuildPhase section */

/* Begin PBXVariantGroup section */
		DFAFEEA9279C1DA4007B946F /* LaunchScreen.storyboard */ = {
			isa = PBXVariantGroup;
			children = (
				DFAFEEAA279C1DA4007B946F /* Base */,
			);
			name = LaunchScreen.storyboard;
			sourceTree = "<group>";
		};
/* End PBXVariantGroup section */

/* Begin XCBuildConfiguration section */
		DFAFEEAD279C1DA4007B946F /* Debug */ = {
			isa = XCBuildConfiguration;
			buildSettings = {
				ALWAYS_SEARCH_USER_PATHS = NO;
				CLANG_ANALYZER_NONNULL = YES;
				CLANG_ANALYZER_NUMBER_OBJECT_CONVERSION = YES_AGGRESSIVE;
				CLANG_CXX_LANGUAGE_STANDARD = "gnu++17";
				CLANG_CXX_LIBRARY = "libc++";
				CLANG_ENABLE_MODULES = YES;
				CLANG_ENABLE_OBJC_ARC = YES;
				CLANG_ENABLE_OBJC_WEAK = YES;
				CLANG_WARN_BLOCK_CAPTURE_AUTORELEASING = YES;
				CLANG_WARN_BOOL_CONVERSION = YES;
				CLANG_WARN_COMMA = YES;
				CLANG_WARN_CONSTANT_CONVERSION = YES;
				CLANG_WARN_DEPRECATED_OBJC_IMPLEMENTATIONS = YES;
				CLANG_WARN_DIRECT_OBJC_ISA_USAGE = YES_ERROR;
				CLANG_WARN_DOCUMENTATION_COMMENTS = YES;
				CLANG_WARN_EMPTY_BODY = YES;
				CLANG_WARN_ENUM_CONVERSION = YES;
				CLANG_WARN_INFINITE_RECURSION = YES;
				CLANG_WARN_INT_CONVERSION = YES;
				CLANG_WARN_NON_LITERAL_NULL_CONVERSION = YES;
				CLANG_WARN_OBJC_IMPLICIT_RETAIN_SELF = YES;
				CLANG_WARN_OBJC_LITERAL_CONVERSION = YES;
				CLANG_WARN_OBJC_ROOT_CLASS = YES_ERROR;
				CLANG_WARN_QUOTED_INCLUDE_IN_FRAMEWORK_HEADER = YES;
				CLANG_WARN_RANGE_LOOP_ANALYSIS = YES;
				CLANG_WARN_STRICT_PROTOTYPES = YES;
				CLANG_WARN_SUSPICIOUS_MOVE = YES;
				CLANG_WARN_UNGUARDED_AVAILABILITY = YES_AGGRESSIVE;
				CLANG_WARN_UNREACHABLE_CODE = YES;
				CLANG_WARN__DUPLICATE_METHOD_MATCH = YES;
				COPY_PHASE_STRIP = NO;
				DEBUG_INFORMATION_FORMAT = dwarf;
				ENABLE_STRICT_OBJC_MSGSEND = YES;
				ENABLE_TESTABILITY = YES;
				GCC_C_LANGUAGE_STANDARD = gnu11;
				GCC_DYNAMIC_NO_PIC = NO;
				GCC_NO_COMMON_BLOCKS = YES;
				GCC_OPTIMIZATION_LEVEL = 0;
				GCC_PREPROCESSOR_DEFINITIONS = (
					"DEBUG=1",
					"$(inherited)",
				);
				GCC_WARN_64_TO_32_BIT_CONVERSION = YES;
				GCC_WARN_ABOUT_RETURN_TYPE = YES_ERROR;
				GCC_WARN_UNDECLARED_SELECTOR = YES;
				GCC_WARN_UNINITIALIZED_AUTOS = YES_AGGRESSIVE;
				GCC_WARN_UNUSED_FUNCTION = YES;
				GCC_WARN_UNUSED_VARIABLE = YES;
				IPHONEOS_DEPLOYMENT_TARGET = 15.0;
				MTL_ENABLE_DEBUG_INFO = INCLUDE_SOURCE;
				MTL_FAST_MATH = YES;
				ONLY_ACTIVE_ARCH = YES;
				SDKROOT = iphoneos;
				SWIFT_ACTIVE_COMPILATION_CONDITIONS = DEBUG;
				SWIFT_OPTIMIZATION_LEVEL = "-Onone";
			};
			name = Debug;
		};
		DFAFEEAE279C1DA4007B946F /* Release */ = {
			isa = XCBuildConfiguration;
			buildSettings = {
				ALWAYS_SEARCH_USER_PATHS = NO;
				CLANG_ANALYZER_NONNULL = YES;
				CLANG_ANALYZER_NUMBER_OBJECT_CONVERSION = YES_AGGRESSIVE;
				CLANG_CXX_LANGUAGE_STANDARD = "gnu++17";
				CLANG_CXX_LIBRARY = "libc++";
				CLANG_ENABLE_MODULES = YES;
				CLANG_ENABLE_OBJC_ARC = YES;
				CLANG_ENABLE_OBJC_WEAK = YES;
				CLANG_WARN_BLOCK_CAPTURE_AUTORELEASING = YES;
				CLANG_WARN_BOOL_CONVERSION = YES;
				CLANG_WARN_COMMA = YES;
				CLANG_WARN_CONSTANT_CONVERSION = YES;
				CLANG_WARN_DEPRECATED_OBJC_IMPLEMENTATIONS = YES;
				CLANG_WARN_DIRECT_OBJC_ISA_USAGE = YES_ERROR;
				CLANG_WARN_DOCUMENTATION_COMMENTS = YES;
				CLANG_WARN_EMPTY_BODY = YES;
				CLANG_WARN_ENUM_CONVERSION = YES;
				CLANG_WARN_INFINITE_RECURSION = YES;
				CLANG_WARN_INT_CONVERSION = YES;
				CLANG_WARN_NON_LITERAL_NULL_CONVERSION = YES;
				CLANG_WARN_OBJC_IMPLICIT_RETAIN_SELF = YES;
				CLANG_WARN_OBJC_LITERAL_CONVERSION = YES;
				CLANG_WARN_OBJC_ROOT_CLASS = YES_ERROR;
				CLANG_WARN_QUOTED_INCLUDE_IN_FRAMEWORK_HEADER = YES;
				CLANG_WARN_RANGE_LOOP_ANALYSIS = YES;
				CLANG_WARN_STRICT_PROTOTYPES = YES;
				CLANG_WARN_SUSPICIOUS_MOVE = YES;
				CLANG_WARN_UNGUARDED_AVAILABILITY = YES_AGGRESSIVE;
				CLANG_WARN_UNREACHABLE_CODE = YES;
				CLANG_WARN__DUPLICATE_METHOD_MATCH = YES;
				COPY_PHASE_STRIP = NO;
				DEBUG_INFORMATION_FORMAT = "dwarf-with-dsym";
				ENABLE_NS_ASSERTIONS = NO;
				ENABLE_STRICT_OBJC_MSGSEND = YES;
				GCC_C_LANGUAGE_STANDARD = gnu11;
				GCC_NO_COMMON_BLOCKS = YES;
				GCC_WARN_64_TO_32_BIT_CONVERSION = YES;
				GCC_WARN_ABOUT_RETURN_TYPE = YES_ERROR;
				GCC_WARN_UNDECLARED_SELECTOR = YES;
				GCC_WARN_UNINITIALIZED_AUTOS = YES_AGGRESSIVE;
				GCC_WARN_UNUSED_FUNCTION = YES;
				GCC_WARN_UNUSED_VARIABLE = YES;
				IPHONEOS_DEPLOYMENT_TARGET = 15.0;
				MTL_ENABLE_DEBUG_INFO = NO;
				MTL_FAST_MATH = YES;
				SDKROOT = iphoneos;
				SWIFT_COMPILATION_MODE = wholemodule;
				SWIFT_OPTIMIZATION_LEVEL = "-O";
				VALIDATE_PRODUCT = YES;
			};
			name = Release;
		};
		DFAFEEB0279C1DA4007B946F /* Debug */ = {
			isa = XCBuildConfiguration;
			baseConfigurationReference = CB82D26987E9E3296815D13E /* Pods-Moviesta.debug.xcconfig */;
			buildSettings = {
				ASSETCATALOG_COMPILER_APPICON_NAME = AppIcon;
				ASSETCATALOG_COMPILER_GLOBAL_ACCENT_COLOR_NAME = AccentColor;
				CODE_SIGN_STYLE = Automatic;
				CURRENT_PROJECT_VERSION = 1;
				GENERATE_INFOPLIST_FILE = YES;
				INFOPLIST_FILE = Moviesta/Info.plist;
				INFOPLIST_KEY_UIApplicationSupportsIndirectInputEvents = YES;
				INFOPLIST_KEY_UILaunchStoryboardName = LaunchScreen;
				INFOPLIST_KEY_UISupportedInterfaceOrientations_iPad = "UIInterfaceOrientationPortrait UIInterfaceOrientationPortraitUpsideDown UIInterfaceOrientationLandscapeLeft UIInterfaceOrientationLandscapeRight";
				INFOPLIST_KEY_UISupportedInterfaceOrientations_iPhone = "UIInterfaceOrientationPortrait UIInterfaceOrientationLandscapeLeft UIInterfaceOrientationLandscapeRight";
				LD_RUNPATH_SEARCH_PATHS = (
					"$(inherited)",
					"@executable_path/Frameworks",
				);
				MARKETING_VERSION = 1.0;
				PRODUCT_BUNDLE_IDENTIFIER = soda.com.Moviesta;
				PRODUCT_NAME = "$(TARGET_NAME)";
				SWIFT_EMIT_LOC_STRINGS = YES;
				SWIFT_VERSION = 5.0;
				TARGETED_DEVICE_FAMILY = 1;
			};
			name = Debug;
		};
		DFAFEEB1279C1DA4007B946F /* Release */ = {
			isa = XCBuildConfiguration;
			baseConfigurationReference = E197ABD480F43A3B3C1A30A9 /* Pods-Moviesta.release.xcconfig */;
			buildSettings = {
				ASSETCATALOG_COMPILER_APPICON_NAME = AppIcon;
				ASSETCATALOG_COMPILER_GLOBAL_ACCENT_COLOR_NAME = AccentColor;
				CODE_SIGN_STYLE = Automatic;
				CURRENT_PROJECT_VERSION = 1;
				GENERATE_INFOPLIST_FILE = YES;
				INFOPLIST_FILE = Moviesta/Info.plist;
				INFOPLIST_KEY_UIApplicationSupportsIndirectInputEvents = YES;
				INFOPLIST_KEY_UILaunchStoryboardName = LaunchScreen;
				INFOPLIST_KEY_UISupportedInterfaceOrientations_iPad = "UIInterfaceOrientationPortrait UIInterfaceOrientationPortraitUpsideDown UIInterfaceOrientationLandscapeLeft UIInterfaceOrientationLandscapeRight";
				INFOPLIST_KEY_UISupportedInterfaceOrientations_iPhone = "UIInterfaceOrientationPortrait UIInterfaceOrientationLandscapeLeft UIInterfaceOrientationLandscapeRight";
				LD_RUNPATH_SEARCH_PATHS = (
					"$(inherited)",
					"@executable_path/Frameworks",
				);
				MARKETING_VERSION = 1.0;
				PRODUCT_BUNDLE_IDENTIFIER = soda.com.Moviesta;
				PRODUCT_NAME = "$(TARGET_NAME)";
				SWIFT_EMIT_LOC_STRINGS = YES;
				SWIFT_VERSION = 5.0;
				TARGETED_DEVICE_FAMILY = 1;
			};
			name = Release;
		};
/* End XCBuildConfiguration section */

/* Begin XCConfigurationList section */
		DFAFEE96279C1D9F007B946F /* Build configuration list for PBXProject "Moviesta" */ = {
			isa = XCConfigurationList;
			buildConfigurations = (
				DFAFEEAD279C1DA4007B946F /* Debug */,
				DFAFEEAE279C1DA4007B946F /* Release */,
			);
			defaultConfigurationIsVisible = 0;
			defaultConfigurationName = Release;
		};
		DFAFEEAF279C1DA4007B946F /* Build configuration list for PBXNativeTarget "Moviesta" */ = {
			isa = XCConfigurationList;
			buildConfigurations = (
				DFAFEEB0279C1DA4007B946F /* Debug */,
				DFAFEEB1279C1DA4007B946F /* Release */,
			);
			defaultConfigurationIsVisible = 0;
			defaultConfigurationName = Release;
		};
/* End XCConfigurationList section */
	};
	rootObject = DFAFEE93279C1D9F007B946F /* Project object */;
}
